<Solution>
  <Project Path="ClippingSAmple/ClippingSAmple.csproj" DisplayName="ClippingSample" Id="a313820c-ad17-4725-a9c7-9758be9c5f3e" />
  <Project Path="NetTopologySuiteSample/NetTopologySuiteSample.csproj" Id="461f0bec-910a-4248-90f4-4bc4a95537c3" />
  <Project Path="SimplifySample/SimplifySample.csproj" Id="d48799fd-ba2b-49d4-bff9-edaafa8af596" />
</Solution>
